
Microsoft Visual Studio Solution File, Format Version 12.00
# Visual Studio 2013
VisualStudioVersion = 12.0.30326.0
MinimumVisualStudioVersion = 10.0.40219.1
Project("{FAE04EC0-301F-11D3-BF4B-00C04F79EFBC}") = "TwitterSearch.XamarinForms", "TwitterSearch.XamarinForms\TwitterSearch.XamarinForms\TwitterSearch.XamarinForms.csproj", "{5A28B9E9-5713-4FA4-988A-E55EC90C44B1}"
EndProject
Project("{FAE04EC0-301F-11D3-BF4B-00C04F79EFBC}") = "TwitterSearch.XamarinForms.iOS", "TwitterSearch.XamarinForms\TwitterSearch.XamarinForms.iOS\TwitterSearch.XamarinForms.iOS.csproj", "{17CD6803-0D19-4F65-B94D-93BEDCA43CA0}"
EndProject
Project("{FAE04EC0-301F-11D3-BF4B-00C04F79EFBC}") = "TwitterSearch.XamarinForms.Android", "TwitterSearch.XamarinForms\TwitterSearch.XamarinForms.Android\TwitterSearch.XamarinForms.Android.csproj", "{B1CC5BF8-5107-43FD-B99E-758BB1C09E85}"
EndProject
Project("{FAE04EC0-301F-11D3-BF4B-00C04F79EFBC}") = "TwitterSearch.XamarinForms.WinPhone", "TwitterSearch.XamarinForms\TwitterSearch.XamarinForms.WinPhone\TwitterSearch.XamarinForms.WinPhone.csproj", "{7FE68EAE-EF8D-41C6-A4A8-766067120597}"
EndProject
Global
	GlobalSection(SolutionConfigurationPlatforms) = preSolution
		Ad-Hoc|Any CPU = Ad-Hoc|Any CPU
		Ad-Hoc|ARM = Ad-Hoc|ARM
		Ad-Hoc|iPhone = Ad-Hoc|iPhone
		Ad-Hoc|iPhoneSimulator = Ad-Hoc|iPhoneSimulator
		Ad-Hoc|Mixed Platforms = Ad-Hoc|Mixed Platforms
		Ad-Hoc|x86 = Ad-Hoc|x86
		AppStore|Any CPU = AppStore|Any CPU
		AppStore|ARM = AppStore|ARM
		AppStore|iPhone = AppStore|iPhone
		AppStore|iPhoneSimulator = AppStore|iPhoneSimulator
		AppStore|Mixed Platforms = AppStore|Mixed Platforms
		AppStore|x86 = AppStore|x86
		Debug|Any CPU = Debug|Any CPU
		Debug|ARM = Debug|ARM
		Debug|iPhone = Debug|iPhone
		Debug|iPhoneSimulator = Debug|iPhoneSimulator
		Debug|Mixed Platforms = Debug|Mixed Platforms
		Debug|x86 = Debug|x86
		Release|Any CPU = Release|Any CPU
		Release|ARM = Release|ARM
		Release|iPhone = Release|iPhone
		Release|iPhoneSimulator = Release|iPhoneSimulator
		Release|Mixed Platforms = Release|Mixed Platforms
		Release|x86 = Release|x86
	EndGlobalSection
	GlobalSection(ProjectConfigurationPlatforms) = postSolution
		{5A28B9E9-5713-4FA4-988A-E55EC90C44B1}.Ad-Hoc|Any CPU.ActiveCfg = Release|Any CPU
		{5A28B9E9-5713-4FA4-988A-E55EC90C44B1}.Ad-Hoc|Any CPU.Build.0 = Release|Any CPU
		{5A28B9E9-5713-4FA4-988A-E55EC90C44B1}.Ad-Hoc|ARM.ActiveCfg = Release|Any CPU
		{5A28B9E9-5713-4FA4-988A-E55EC90C44B1}.Ad-Hoc|iPhone.ActiveCfg = Release|Any CPU
		{5A28B9E9-5713-4FA4-988A-E55EC90C44B1}.Ad-Hoc|iPhoneSimulator.ActiveCfg = Release|Any CPU
		{5A28B9E9-5713-4FA4-988A-E55EC90C44B1}.Ad-Hoc|Mixed Platforms.ActiveCfg = Release|Any CPU
		{5A28B9E9-5713-4FA4-988A-E55EC90C44B1}.Ad-Hoc|Mixed Platforms.Build.0 = Release|Any CPU
		{5A28B9E9-5713-4FA4-988A-E55EC90C44B1}.Ad-Hoc|x86.ActiveCfg = Release|Any CPU
		{5A28B9E9-5713-4FA4-988A-E55EC90C44B1}.AppStore|Any CPU.ActiveCfg = Release|Any CPU
		{5A28B9E9-5713-4FA4-988A-E55EC90C44B1}.AppStore|Any CPU.Build.0 = Release|Any CPU
		{5A28B9E9-5713-4FA4-988A-E55EC90C44B1}.AppStore|ARM.ActiveCfg = Release|Any CPU
		{5A28B9E9-5713-4FA4-988A-E55EC90C44B1}.AppStore|iPhone.ActiveCfg = Release|Any CPU
		{5A28B9E9-5713-4FA4-988A-E55EC90C44B1}.AppStore|iPhoneSimulator.ActiveCfg = Release|Any CPU
		{5A28B9E9-5713-4FA4-988A-E55EC90C44B1}.AppStore|Mixed Platforms.ActiveCfg = Release|Any CPU
		{5A28B9E9-5713-4FA4-988A-E55EC90C44B1}.AppStore|Mixed Platforms.Build.0 = Release|Any CPU
		{5A28B9E9-5713-4FA4-988A-E55EC90C44B1}.AppStore|x86.ActiveCfg = Release|Any CPU
		{5A28B9E9-5713-4FA4-988A-E55EC90C44B1}.Debug|Any CPU.ActiveCfg = Debug|Any CPU
		{5A28B9E9-5713-4FA4-988A-E55EC90C44B1}.Debug|Any CPU.Build.0 = Debug|Any CPU
		{5A28B9E9-5713-4FA4-988A-E55EC90C44B1}.Debug|ARM.ActiveCfg = Debug|Any CPU
		{5A28B9E9-5713-4FA4-988A-E55EC90C44B1}.Debug|iPhone.ActiveCfg = Debug|Any CPU
		{5A28B9E9-5713-4FA4-988A-E55EC90C44B1}.Debug|iPhoneSimulator.ActiveCfg = Debug|Any CPU
		{5A28B9E9-5713-4FA4-988A-E55EC90C44B1}.Debug|Mixed Platforms.ActiveCfg = Debug|Any CPU
		{5A28B9E9-5713-4FA4-988A-E55EC90C44B1}.Debug|Mixed Platforms.Build.0 = Debug|Any CPU
		{5A28B9E9-5713-4FA4-988A-E55EC90C44B1}.Debug|x86.ActiveCfg = Debug|Any CPU
		{5A28B9E9-5713-4FA4-988A-E55EC90C44B1}.Release|Any CPU.ActiveCfg = Release|Any CPU
		{5A28B9E9-5713-4FA4-988A-E55EC90C44B1}.Release|Any CPU.Build.0 = Release|Any CPU
		{5A28B9E9-5713-4FA4-988A-E55EC90C44B1}.Release|ARM.ActiveCfg = Release|Any CPU
		{5A28B9E9-5713-4FA4-988A-E55EC90C44B1}.Release|iPhone.ActiveCfg = Release|Any CPU
		{5A28B9E9-5713-4FA4-988A-E55EC90C44B1}.Release|iPhoneSimulator.ActiveCfg = Release|Any CPU
		{5A28B9E9-5713-4FA4-988A-E55EC90C44B1}.Release|Mixed Platforms.ActiveCfg = Release|Any CPU
		{5A28B9E9-5713-4FA4-988A-E55EC90C44B1}.Release|Mixed Platforms.Build.0 = Release|Any CPU
		{5A28B9E9-5713-4FA4-988A-E55EC90C44B1}.Release|x86.ActiveCfg = Release|Any CPU
		{17CD6803-0D19-4F65-B94D-93BEDCA43CA0}.Ad-Hoc|Any CPU.ActiveCfg = Ad-Hoc|iPhone
		{17CD6803-0D19-4F65-B94D-93BEDCA43CA0}.Ad-Hoc|ARM.ActiveCfg = Ad-Hoc|iPhone
		{17CD6803-0D19-4F65-B94D-93BEDCA43CA0}.Ad-Hoc|iPhone.ActiveCfg = Ad-Hoc|iPhone
		{17CD6803-0D19-4F65-B94D-93BEDCA43CA0}.Ad-Hoc|iPhone.Build.0 = Ad-Hoc|iPhone
		{17CD6803-0D19-4F65-B94D-93BEDCA43CA0}.Ad-Hoc|iPhone.Deploy.0 = Ad-Hoc|iPhone
		{17CD6803-0D19-4F65-B94D-93BEDCA43CA0}.Ad-Hoc|iPhoneSimulator.ActiveCfg = Ad-Hoc|iPhoneSimulator
		{17CD6803-0D19-4F65-B94D-93BEDCA43CA0}.Ad-Hoc|iPhoneSimulator.Build.0 = Ad-Hoc|iPhoneSimulator
		{17CD6803-0D19-4F65-B94D-93BEDCA43CA0}.Ad-Hoc|iPhoneSimulator.Deploy.0 = Ad-Hoc|iPhoneSimulator
		{17CD6803-0D19-4F65-B94D-93BEDCA43CA0}.Ad-Hoc|Mixed Platforms.ActiveCfg = Ad-Hoc|iPhone
		{17CD6803-0D19-4F65-B94D-93BEDCA43CA0}.Ad-Hoc|Mixed Platforms.Build.0 = Ad-Hoc|iPhone
		{17CD6803-0D19-4F65-B94D-93BEDCA43CA0}.Ad-Hoc|Mixed Platforms.Deploy.0 = Ad-Hoc|iPhone
		{17CD6803-0D19-4F65-B94D-93BEDCA43CA0}.Ad-Hoc|x86.ActiveCfg = Ad-Hoc|iPhone
		{17CD6803-0D19-4F65-B94D-93BEDCA43CA0}.AppStore|Any CPU.ActiveCfg = AppStore|iPhone
		{17CD6803-0D19-4F65-B94D-93BEDCA43CA0}.AppStore|ARM.ActiveCfg = AppStore|iPhone
		{17CD6803-0D19-4F65-B94D-93BEDCA43CA0}.AppStore|iPhone.ActiveCfg = AppStore|iPhone
		{17CD6803-0D19-4F65-B94D-93BEDCA43CA0}.AppStore|iPhone.Build.0 = AppStore|iPhone
		{17CD6803-0D19-4F65-B94D-93BEDCA43CA0}.AppStore|iPhone.Deploy.0 = AppStore|iPhone
		{17CD6803-0D19-4F65-B94D-93BEDCA43CA0}.AppStore|iPhoneSimulator.ActiveCfg = AppStore|iPhoneSimulator
		{17CD6803-0D19-4F65-B94D-93BEDCA43CA0}.AppStore|iPhoneSimulator.Build.0 = AppStore|iPhoneSimulator
		{17CD6803-0D19-4F65-B94D-93BEDCA43CA0}.AppStore|iPhoneSimulator.Deploy.0 = AppStore|iPhoneSimulator
		{17CD6803-0D19-4F65-B94D-93BEDCA43CA0}.AppStore|Mixed Platforms.ActiveCfg = AppStore|iPhone
		{17CD6803-0D19-4F65-B94D-93BEDCA43CA0}.AppStore|Mixed Platforms.Build.0 = AppStore|iPhone
		{17CD6803-0D19-4F65-B94D-93BEDCA43CA0}.AppStore|Mixed Platforms.Deploy.0 = AppStore|iPhone
		{17CD6803-0D19-4F65-B94D-93BEDCA43CA0}.AppStore|x86.ActiveCfg = AppStore|iPhone
		{17CD6803-0D19-4F65-B94D-93BEDCA43CA0}.Debug|Any CPU.ActiveCfg = Debug|iPhone
		{17CD6803-0D19-4F65-B94D-93BEDCA43CA0}.Debug|ARM.ActiveCfg = Debug|iPhone
		{17CD6803-0D19-4F65-B94D-93BEDCA43CA0}.Debug|iPhone.ActiveCfg = Debug|iPhone
		{17CD6803-0D19-4F65-B94D-93BEDCA43CA0}.Debug|iPhone.Build.0 = Debug|iPhone
		{17CD6803-0D19-4F65-B94D-93BEDCA43CA0}.Debug|iPhone.Deploy.0 = Debug|iPhone
		{17CD6803-0D19-4F65-B94D-93BEDCA43CA0}.Debug|iPhoneSimulator.ActiveCfg = Debug|iPhoneSimulator
		{17CD6803-0D19-4F65-B94D-93BEDCA43CA0}.Debug|iPhoneSimulator.Build.0 = Debug|iPhoneSimulator
		{17CD6803-0D19-4F65-B94D-93BEDCA43CA0}.Debug|iPhoneSimulator.Deploy.0 = Debug|iPhoneSimulator
		{17CD6803-0D19-4F65-B94D-93BEDCA43CA0}.Debug|Mixed Platforms.ActiveCfg = Debug|iPhone
		{17CD6803-0D19-4F65-B94D-93BEDCA43CA0}.Debug|Mixed Platforms.Build.0 = Debug|iPhone
		{17CD6803-0D19-4F65-B94D-93BEDCA43CA0}.Debug|Mixed Platforms.Deploy.0 = Debug|iPhone
		{17CD6803-0D19-4F65-B94D-93BEDCA43CA0}.Debug|x86.ActiveCfg = Debug|iPhone
		{17CD6803-0D19-4F65-B94D-93BEDCA43CA0}.Release|Any CPU.ActiveCfg = Release|iPhone
		{17CD6803-0D19-4F65-B94D-93BEDCA43CA0}.Release|ARM.ActiveCfg = Release|iPhone
		{17CD6803-0D19-4F65-B94D-93BEDCA43CA0}.Release|iPhone.ActiveCfg = Release|iPhone
		{17CD6803-0D19-4F65-B94D-93BEDCA43CA0}.Release|iPhone.Build.0 = Release|iPhone
		{17CD6803-0D19-4F65-B94D-93BEDCA43CA0}.Release|iPhone.Deploy.0 = Release|iPhone
		{17CD6803-0D19-4F65-B94D-93BEDCA43CA0}.Release|iPhoneSimulator.ActiveCfg = Release|iPhoneSimulator
		{17CD6803-0D19-4F65-B94D-93BEDCA43CA0}.Release|iPhoneSimulator.Build.0 = Release|iPhoneSimulator
		{17CD6803-0D19-4F65-B94D-93BEDCA43CA0}.Release|iPhoneSimulator.Deploy.0 = Release|iPhoneSimulator
		{17CD6803-0D19-4F65-B94D-93BEDCA43CA0}.Release|Mixed Platforms.ActiveCfg = Release|iPhone
		{17CD6803-0D19-4F65-B94D-93BEDCA43CA0}.Release|Mixed Platforms.Build.0 = Release|iPhone
		{17CD6803-0D19-4F65-B94D-93BEDCA43CA0}.Release|Mixed Platforms.Deploy.0 = Release|iPhone
		{17CD6803-0D19-4F65-B94D-93BEDCA43CA0}.Release|x86.ActiveCfg = Release|iPhone
		{B1CC5BF8-5107-43FD-B99E-758BB1C09E85}.Ad-Hoc|Any CPU.ActiveCfg = Release|Any CPU
		{B1CC5BF8-5107-43FD-B99E-758BB1C09E85}.Ad-Hoc|Any CPU.Build.0 = Release|Any CPU
		{B1CC5BF8-5107-43FD-B99E-758BB1C09E85}.Ad-Hoc|Any CPU.Deploy.0 = Release|Any CPU
		{B1CC5BF8-5107-43FD-B99E-758BB1C09E85}.Ad-Hoc|ARM.ActiveCfg = Release|Any CPU
		{B1CC5BF8-5107-43FD-B99E-758BB1C09E85}.Ad-Hoc|iPhone.ActiveCfg = Release|Any CPU
		{B1CC5BF8-5107-43FD-B99E-758BB1C09E85}.Ad-Hoc|iPhoneSimulator.ActiveCfg = Release|Any CPU
		{B1CC5BF8-5107-43FD-B99E-758BB1C09E85}.Ad-Hoc|Mixed Platforms.ActiveCfg = Release|Any CPU
		{B1CC5BF8-5107-43FD-B99E-758BB1C09E85}.Ad-Hoc|Mixed Platforms.Build.0 = Release|Any CPU
		{B1CC5BF8-5107-43FD-B99E-758BB1C09E85}.Ad-Hoc|Mixed Platforms.Deploy.0 = Release|Any CPU
		{B1CC5BF8-5107-43FD-B99E-758BB1C09E85}.Ad-Hoc|x86.ActiveCfg = Release|Any CPU
		{B1CC5BF8-5107-43FD-B99E-758BB1C09E85}.AppStore|Any CPU.ActiveCfg = Release|Any CPU
		{B1CC5BF8-5107-43FD-B99E-758BB1C09E85}.AppStore|Any CPU.Build.0 = Release|Any CPU
		{B1CC5BF8-5107-43FD-B99E-758BB1C09E85}.AppStore|Any CPU.Deploy.0 = Release|Any CPU
		{B1CC5BF8-5107-43FD-B99E-758BB1C09E85}.AppStore|ARM.ActiveCfg = Release|Any CPU
		{B1CC5BF8-5107-43FD-B99E-758BB1C09E85}.AppStore|iPhone.ActiveCfg = Release|Any CPU
		{B1CC5BF8-5107-43FD-B99E-758BB1C09E85}.AppStore|iPhoneSimulator.ActiveCfg = Release|Any CPU
		{B1CC5BF8-5107-43FD-B99E-758BB1C09E85}.AppStore|Mixed Platforms.ActiveCfg = Release|Any CPU
		{B1CC5BF8-5107-43FD-B99E-758BB1C09E85}.AppStore|Mixed Platforms.Build.0 = Release|Any CPU
		{B1CC5BF8-5107-43FD-B99E-758BB1C09E85}.AppStore|Mixed Platforms.Deploy.0 = Release|Any CPU
		{B1CC5BF8-5107-43FD-B99E-758BB1C09E85}.AppStore|x86.ActiveCfg = Release|Any CPU
		{B1CC5BF8-5107-43FD-B99E-758BB1C09E85}.Debug|Any CPU.ActiveCfg = Debug|Any CPU
		{B1CC5BF8-5107-43FD-B99E-758BB1C09E85}.Debug|Any CPU.Build.0 = Debug|Any CPU
		{B1CC5BF8-5107-43FD-B99E-758BB1C09E85}.Debug|Any CPU.Deploy.0 = Debug|Any CPU
		{B1CC5BF8-5107-43FD-B99E-758BB1C09E85}.Debug|ARM.ActiveCfg = Debug|Any CPU
		{B1CC5BF8-5107-43FD-B99E-758BB1C09E85}.Debug|iPhone.ActiveCfg = Debug|Any CPU
		{B1CC5BF8-5107-43FD-B99E-758BB1C09E85}.Debug|iPhoneSimulator.ActiveCfg = Debug|Any CPU
		{B1CC5BF8-5107-43FD-B99E-758BB1C09E85}.Debug|Mixed Platforms.ActiveCfg = Debug|Any CPU
		{B1CC5BF8-5107-43FD-B99E-758BB1C09E85}.Debug|Mixed Platforms.Build.0 = Debug|Any CPU
		{B1CC5BF8-5107-43FD-B99E-758BB1C09E85}.Debug|Mixed Platforms.Deploy.0 = Debug|Any CPU
		{B1CC5BF8-5107-43FD-B99E-758BB1C09E85}.Debug|x86.ActiveCfg = Debug|Any CPU
		{B1CC5BF8-5107-43FD-B99E-758BB1C09E85}.Release|Any CPU.ActiveCfg = Release|Any CPU
		{B1CC5BF8-5107-43FD-B99E-758BB1C09E85}.Release|Any CPU.Build.0 = Release|Any CPU
		{B1CC5BF8-5107-43FD-B99E-758BB1C09E85}.Release|Any CPU.Deploy.0 = Release|Any CPU
		{B1CC5BF8-5107-43FD-B99E-758BB1C09E85}.Release|ARM.ActiveCfg = Release|Any CPU
		{B1CC5BF8-5107-43FD-B99E-758BB1C09E85}.Release|iPhone.ActiveCfg = Release|Any CPU
		{B1CC5BF8-5107-43FD-B99E-758BB1C09E85}.Release|iPhoneSimulator.ActiveCfg = Release|Any CPU
		{B1CC5BF8-5107-43FD-B99E-758BB1C09E85}.Release|Mixed Platforms.ActiveCfg = Release|Any CPU
		{B1CC5BF8-5107-43FD-B99E-758BB1C09E85}.Release|Mixed Platforms.Build.0 = Release|Any CPU
		{B1CC5BF8-5107-43FD-B99E-758BB1C09E85}.Release|Mixed Platforms.Deploy.0 = Release|Any CPU
		{B1CC5BF8-5107-43FD-B99E-758BB1C09E85}.Release|x86.ActiveCfg = Release|Any CPU
		{7FE68EAE-EF8D-41C6-A4A8-766067120597}.Ad-Hoc|Any CPU.ActiveCfg = Release|Any CPU
		{7FE68EAE-EF8D-41C6-A4A8-766067120597}.Ad-Hoc|Any CPU.Build.0 = Release|Any CPU
		{7FE68EAE-EF8D-41C6-A4A8-766067120597}.Ad-Hoc|Any CPU.Deploy.0 = Release|Any CPU
		{7FE68EAE-EF8D-41C6-A4A8-766067120597}.Ad-Hoc|ARM.ActiveCfg = Release|ARM
		{7FE68EAE-EF8D-41C6-A4A8-766067120597}.Ad-Hoc|ARM.Build.0 = Release|ARM
		{7FE68EAE-EF8D-41C6-A4A8-766067120597}.Ad-Hoc|ARM.Deploy.0 = Release|ARM
		{7FE68EAE-EF8D-41C6-A4A8-766067120597}.Ad-Hoc|iPhone.ActiveCfg = Release|Any CPU
		{7FE68EAE-EF8D-41C6-A4A8-766067120597}.Ad-Hoc|iPhoneSimulator.ActiveCfg = Release|Any CPU
		{7FE68EAE-EF8D-41C6-A4A8-766067120597}.Ad-Hoc|Mixed Platforms.ActiveCfg = Release|x86
		{7FE68EAE-EF8D-41C6-A4A8-766067120597}.Ad-Hoc|Mixed Platforms.Build.0 = Release|x86
		{7FE68EAE-EF8D-41C6-A4A8-766067120597}.Ad-Hoc|Mixed Platforms.Deploy.0 = Release|x86
		{7FE68EAE-EF8D-41C6-A4A8-766067120597}.Ad-Hoc|x86.ActiveCfg = Release|x86
		{7FE68EAE-EF8D-41C6-A4A8-766067120597}.Ad-Hoc|x86.Build.0 = Release|x86
		{7FE68EAE-EF8D-41C6-A4A8-766067120597}.Ad-Hoc|x86.Deploy.0 = Release|x86
		{7FE68EAE-EF8D-41C6-A4A8-766067120597}.AppStore|Any CPU.ActiveCfg = Release|Any CPU
		{7FE68EAE-EF8D-41C6-A4A8-766067120597}.AppStore|Any CPU.Build.0 = Release|Any CPU
		{7FE68EAE-EF8D-41C6-A4A8-766067120597}.AppStore|Any CPU.Deploy.0 = Release|Any CPU
		{7FE68EAE-EF8D-41C6-A4A8-766067120597}.AppStore|ARM.ActiveCfg = Release|ARM
		{7FE68EAE-EF8D-41C6-A4A8-766067120597}.AppStore|ARM.Build.0 = Release|ARM
		{7FE68EAE-EF8D-41C6-A4A8-766067120597}.AppStore|ARM.Deploy.0 = Release|ARM
		{7FE68EAE-EF8D-41C6-A4A8-766067120597}.AppStore|iPhone.ActiveCfg = Release|Any CPU
		{7FE68EAE-EF8D-41C6-A4A8-766067120597}.AppStore|iPhoneSimulator.ActiveCfg = Release|Any CPU
		{7FE68EAE-EF8D-41C6-A4A8-766067120597}.AppStore|Mixed Platforms.ActiveCfg = Release|x86
		{7FE68EAE-EF8D-41C6-A4A8-766067120597}.AppStore|Mixed Platforms.Build.0 = Release|x86
		{7FE68EAE-EF8D-41C6-A4A8-766067120597}.AppStore|Mixed Platforms.Deploy.0 = Release|x86
		{7FE68EAE-EF8D-41C6-A4A8-766067120597}.AppStore|x86.ActiveCfg = Release|x86
		{7FE68EAE-EF8D-41C6-A4A8-766067120597}.AppStore|x86.Build.0 = Release|x86
		{7FE68EAE-EF8D-41C6-A4A8-766067120597}.AppStore|x86.Deploy.0 = Release|x86
		{7FE68EAE-EF8D-41C6-A4A8-766067120597}.Debug|Any CPU.ActiveCfg = Debug|Any CPU
		{7FE68EAE-EF8D-41C6-A4A8-766067120597}.Debug|Any CPU.Build.0 = Debug|Any CPU
		{7FE68EAE-EF8D-41C6-A4A8-766067120597}.Debug|Any CPU.Deploy.0 = Debug|Any CPU
		{7FE68EAE-EF8D-41C6-A4A8-766067120597}.Debug|ARM.ActiveCfg = Debug|ARM
		{7FE68EAE-EF8D-41C6-A4A8-766067120597}.Debug|ARM.Build.0 = Debug|ARM
		{7FE68EAE-EF8D-41C6-A4A8-766067120597}.Debug|ARM.Deploy.0 = Debug|ARM
		{7FE68EAE-EF8D-41C6-A4A8-766067120597}.Debug|iPhone.ActiveCfg = Debug|Any CPU
		{7FE68EAE-EF8D-41C6-A4A8-766067120597}.Debug|iPhoneSimulator.ActiveCfg = Debug|Any CPU
		{7FE68EAE-EF8D-41C6-A4A8-766067120597}.Debug|Mixed Platforms.ActiveCfg = Debug|Any CPU
		{7FE68EAE-EF8D-41C6-A4A8-766067120597}.Debug|Mixed Platforms.Build.0 = Debug|Any CPU
		{7FE68EAE-EF8D-41C6-A4A8-766067120597}.Debug|Mixed Platforms.Deploy.0 = Debug|Any CPU
		{7FE68EAE-EF8D-41C6-A4A8-766067120597}.Debug|x86.ActiveCfg = Debug|x86
		{7FE68EAE-EF8D-41C6-A4A8-766067120597}.Debug|x86.Build.0 = Debug|x86
		{7FE68EAE-EF8D-41C6-A4A8-766067120597}.Debug|x86.Deploy.0 = Debug|x86
		{7FE68EAE-EF8D-41C6-A4A8-766067120597}.Release|Any CPU.ActiveCfg = Release|Any CPU
		{7FE68EAE-EF8D-41C6-A4A8-766067120597}.Release|Any CPU.Build.0 = Release|Any CPU
		{7FE68EAE-EF8D-41C6-A4A8-766067120597}.Release|Any CPU.Deploy.0 = Release|Any CPU
		{7FE68EAE-EF8D-41C6-A4A8-766067120597}.Release|ARM.ActiveCfg = Release|ARM
		{7FE68EAE-EF8D-41C6-A4A8-766067120597}.Release|ARM.Build.0 = Release|ARM
		{7FE68EAE-EF8D-41C6-A4A8-766067120597}.Release|ARM.Deploy.0 = Release|ARM
		{7FE68EAE-EF8D-41C6-A4A8-766067120597}.Release|iPhone.ActiveCfg = Release|Any CPU
		{7FE68EAE-EF8D-41C6-A4A8-766067120597}.Release|iPhoneSimulator.ActiveCfg = Release|Any CPU
		{7FE68EAE-EF8D-41C6-A4A8-766067120597}.Release|Mixed Platforms.ActiveCfg = Release|x86
		{7FE68EAE-EF8D-41C6-A4A8-766067120597}.Release|Mixed Platforms.Build.0 = Release|x86
		{7FE68EAE-EF8D-41C6-A4A8-766067120597}.Release|Mixed Platforms.Deploy.0 = Release|x86
		{7FE68EAE-EF8D-41C6-A4A8-766067120597}.Release|x86.ActiveCfg = Release|x86
		{7FE68EAE-EF8D-41C6-A4A8-766067120597}.Release|x86.Build.0 = Release|x86
		{7FE68EAE-EF8D-41C6-A4A8-766067120597}.Release|x86.Deploy.0 = Release|x86
	EndGlobalSection
	GlobalSection(SolutionProperties) = preSolution
		HideSolutionNode = FALSE
	EndGlobalSection
EndGlobal
